
Microsoft Visual Studio Solution File, Format Version 11.00
# Visual Studio 2010
Project("{E17AB4A1-DF35-4579-9E91-0CFFBFB6391A}") = "Melee_Project", "Melee_Project.ucproj", "{8208E918-3B15-4259-BEA2-DFB3DC3527F6}"
EndProject
Global
	GlobalSection(SolutionConfigurationPlatforms) = preSolution
		Debug|Win32 = Debug|Win32
		Release|Win32 = Release|Win32
	EndGlobalSection
	GlobalSection(ProjectConfigurationPlatforms) = postSolution
		{8208E918-3B15-4259-BEA2-DFB3DC3527F6}.Debug|Win32.ActiveCfg = Debug|Win32
		{8208E918-3B15-4259-BEA2-DFB3DC3527F6}.Debug|Win32.Build.0 = Debug|Win32
		{8208E918-3B15-4259-BEA2-DFB3DC3527F6}.Release|Win32.ActiveCfg = Release|Win32
		{8208E918-3B15-4259-BEA2-DFB3DC3527F6}.Release|Win32.Build.0 = Release|Win32
	EndGlobalSection
	GlobalSection(SolutionProperties) = preSolution
		HideSolutionNode = FALSE
	EndGlobalSection
EndGlobal
